# THIS IS AN AUTOGENERATED FILE. DO NOT EDIT THIS FILE DIRECTLY.
# yarn lockfile v1


"@sanity/cli@^2.25.0":
  "integrity" "sha512-rVImn6ZffI2OaQ3OwfMuwjCf9MtUnyMKeWyEjmnBsa9hoDwpLJs/im6/e35GQT4eNkQ0PbDg3Lq3s53jlSqpqw=="
  "resolved" "https://registry.npmjs.org/@sanity/cli/-/cli-2.25.0.tgz"
  "version" "2.25.0"
